
Microsoft Visual Studio Solution File, Format Version 12.00
# Visual Studio Version 16
VisualStudioVersion = 16.0.30105.148
MinimumVisualStudioVersion = 10.0.40219.1
Project("{2150E333-8FDC-42A3-9474-1A3956D46DE8}") = "Core", "Core", "{8B92ED3B-97F1-4998-93DA-18BA34DD9642}"
EndProject
Project("{2150E333-8FDC-42A3-9474-1A3956D46DE8}") = "Adapters", "Adapters", "{5E4A26EC-1DE1-48D2-A617-2BBD97B351D8}"
EndProject
Project("{9A19103F-16F7-4668-BE54-9A1E7A4F7556}") = "BookStore.Core", "src\BookStore.Core\BookStore.Core.csproj", "{C9952FC4-7DC0-4B2B-BCE4-714F27D604EC}"
EndProject
Project("{9A19103F-16F7-4668-BE54-9A1E7A4F7556}") = "BookStore.Infrastructure", "src\BookStore.Infrastructure\BookStore.Infrastructure.csproj", "{9127D453-A43C-43C1-A5B1-93CCE4AD20FA}"
EndProject
Project("{9A19103F-16F7-4668-BE54-9A1E7A4F7556}") = "BookStore.Api", "src\BookStore.Api\BookStore.Api.csproj", "{90EF5C67-42A5-4AC6-BD03-8302A28E2404}"
EndProject
Global
	GlobalSection(SolutionConfigurationPlatforms) = preSolution
		Debug|Any CPU = Debug|Any CPU
		Release|Any CPU = Release|Any CPU
	EndGlobalSection
	GlobalSection(ProjectConfigurationPlatforms) = postSolution
		{C9952FC4-7DC0-4B2B-BCE4-714F27D604EC}.Debug|Any CPU.ActiveCfg = Debug|Any CPU
		{C9952FC4-7DC0-4B2B-BCE4-714F27D604EC}.Debug|Any CPU.Build.0 = Debug|Any CPU
		{C9952FC4-7DC0-4B2B-BCE4-714F27D604EC}.Release|Any CPU.ActiveCfg = Release|Any CPU
		{C9952FC4-7DC0-4B2B-BCE4-714F27D604EC}.Release|Any CPU.Build.0 = Release|Any CPU
		{9127D453-A43C-43C1-A5B1-93CCE4AD20FA}.Debug|Any CPU.ActiveCfg = Debug|Any CPU
		{9127D453-A43C-43C1-A5B1-93CCE4AD20FA}.Debug|Any CPU.Build.0 = Debug|Any CPU
		{9127D453-A43C-43C1-A5B1-93CCE4AD20FA}.Release|Any CPU.ActiveCfg = Release|Any CPU
		{9127D453-A43C-43C1-A5B1-93CCE4AD20FA}.Release|Any CPU.Build.0 = Release|Any CPU
		{90EF5C67-42A5-4AC6-BD03-8302A28E2404}.Debug|Any CPU.ActiveCfg = Debug|Any CPU
		{90EF5C67-42A5-4AC6-BD03-8302A28E2404}.Debug|Any CPU.Build.0 = Debug|Any CPU
		{90EF5C67-42A5-4AC6-BD03-8302A28E2404}.Release|Any CPU.ActiveCfg = Release|Any CPU
		{90EF5C67-42A5-4AC6-BD03-8302A28E2404}.Release|Any CPU.Build.0 = Release|Any CPU
	EndGlobalSection
	GlobalSection(SolutionProperties) = preSolution
		HideSolutionNode = FALSE
	EndGlobalSection
	GlobalSection(NestedProjects) = preSolution
		{C9952FC4-7DC0-4B2B-BCE4-714F27D604EC} = {8B92ED3B-97F1-4998-93DA-18BA34DD9642}
		{9127D453-A43C-43C1-A5B1-93CCE4AD20FA} = {5E4A26EC-1DE1-48D2-A617-2BBD97B351D8}
		{90EF5C67-42A5-4AC6-BD03-8302A28E2404} = {5E4A26EC-1DE1-48D2-A617-2BBD97B351D8}
	EndGlobalSection
	GlobalSection(ExtensibilityGlobals) = postSolution
		SolutionGuid = {1F879E9E-E472-4557-A141-C72FDBDFB1C7}
	EndGlobalSection
EndGlobal
